
Microsoft Visual Studio Solution File, Format Version 12.00
# Visual Studio Version 17
VisualStudioVersion = 17.12.35527.113 d17.12
MinimumVisualStudioVersion = 10.0.40219.1
Project("{FAE04EC0-301F-11D3-BF4B-00C04F79EFBC}") = "Port-Checker", "Port-Checker\Port-Checker.csproj", "{DF0CDCAB-0C66-4F86-8F56-FB92421B2340}"
EndProject
Global
	GlobalSection(SolutionConfigurationPlatforms) = preSolution
		Debug|Any CPU = Debug|Any CPU
		Release|Any CPU = Release|Any CPU
	EndGlobalSection
	GlobalSection(ProjectConfigurationPlatforms) = postSolution
		{DF0CDCAB-0C66-4F86-8F56-FB92421B2340}.Debug|Any CPU.ActiveCfg = Debug|Any CPU
		{DF0CDCAB-0C66-4F86-8F56-FB92421B2340}.Debug|Any CPU.Build.0 = Debug|Any CPU
		{DF0CDCAB-0C66-4F86-8F56-FB92421B2340}.Release|Any CPU.ActiveCfg = Release|Any CPU
		{DF0CDCAB-0C66-4F86-8F56-FB92421B2340}.Release|Any CPU.Build.0 = Release|Any CPU
	EndGlobalSection
	GlobalSection(SolutionProperties) = preSolution
		HideSolutionNode = FALSE
	EndGlobalSection
EndGlobal
